<?xml version="1.0" encoding="UTF-8" standalone="yes" ?>
<CodeBlocks_project_file>
	<FileVersion major="1" minor="6" />
	<Project>
		<Option title="EP2" />
		<Option pch_mode="2" />
		<Option compiler="gcc" />
		<Build>
			<Target title="Debug">
				<Option output="bin/Debug/EP2" prefix_auto="1" extension_auto="1" />
				<Option object_output="obj/Debug/" />
				<Option type="1" />
				<Option compiler="gcc" />
				<Compiler>
					<Add option="-g" />
					<Add directory="include" />
				</Compiler>
			</Target>
			<Target title="Release">
				<Option output="bin/Release/EP2" prefix_auto="1" extension_auto="1" />
				<Option object_output="obj/Release/" />
				<Option type="1" />
				<Option compiler="gcc" />
				<Compiler>
					<Add option="-O2" />
					<Add directory="include" />
				</Compiler>
				<Linker>
					<Add option="-s" />
				</Linker>
			</Target>
		</Build>
		<Compiler>
			<Add option="-Wall" />
			<Add option="-fexceptions" />
		</Compiler>
		<Unit filename="include/Eixo.h" />
		<Unit filename="include/EixoDinamico.h" />
		<Unit filename="include/Grafico.h" />
		<Unit filename="include/IHC.h" />
		<Unit filename="include/InterfaceSerial.h" />
		<Unit filename="include/Serie.h" />
		<Unit filename="include/SerieDeCanal.h" />
		<Unit filename="include/Tela.h" />
		<Unit filename="include/Tempo.h" />
		<Unit filename="main.cpp" />
		<Unit filename="src/Eixo.cpp" />
		<Unit filename="src/EixoDinamico.cpp" />
		<Unit filename="src/Grafico.cpp" />
		<Unit filename="src/IHC.cpp" />
		<Unit filename="src/InterfaceSerial.cpp" />
		<Unit filename="src/Serie.cpp" />
		<Unit filename="src/SerieDeCanal.cpp" />
		<Unit filename="src/Tela.cpp" />
		<Unit filename="src/Tempo.cpp" />
		<Extensions>
			<code_completion />
			<envvars />
			<debugger />
			<lib_finder disable_auto="1" />
		</Extensions>
	</Project>
</CodeBlocks_project_file>
